
Microsoft Visual Studio Solution File, Format Version 12.00
# Visual Studio 15
VisualStudioVersion = 15.0.27130.2010
MinimumVisualStudioVersion = 10.0.40219.1
Project("{FAE04EC0-301F-11D3-BF4B-00C04F79EFBC}") = "HelloJenkins", "HelloJenkins\HelloJenkins.csproj", "{07F74AEC-2D6B-4532-9C31-2CE5FFA8F000}"
EndProject
Global
	GlobalSection(SolutionConfigurationPlatforms) = preSolution
		Debug|Any CPU = Debug|Any CPU
		Release|Any CPU = Release|Any CPU
	EndGlobalSection
	GlobalSection(ProjectConfigurationPlatforms) = postSolution
		{07F74AEC-2D6B-4532-9C31-2CE5FFA8F000}.Debug|Any CPU.ActiveCfg = Debug|Any CPU
		{07F74AEC-2D6B-4532-9C31-2CE5FFA8F000}.Debug|Any CPU.Build.0 = Debug|Any CPU
		{07F74AEC-2D6B-4532-9C31-2CE5FFA8F000}.Release|Any CPU.ActiveCfg = Release|Any CPU
		{07F74AEC-2D6B-4532-9C31-2CE5FFA8F000}.Release|Any CPU.Build.0 = Release|Any CPU
	EndGlobalSection
	GlobalSection(SolutionProperties) = preSolution
		HideSolutionNode = FALSE
	EndGlobalSection
	GlobalSection(ExtensibilityGlobals) = postSolution
		SolutionGuid = {8E3CD113-0E53-4459-A202-CFE6473F1921}
	EndGlobalSection
EndGlobal
